
Microsoft Visual Studio Solution File, Format Version 12.00
# Visual Studio Version 16
VisualStudioVersion = 16.0.32802.440
MinimumVisualStudioVersion = 10.0.40219.1
Project("{FAE04EC0-301F-11D3-BF4B-00C04F79EFBC}") = "Ejercicio 1", "Ejercicio 1\Ejercicio 1.csproj", "{C2FEF6EF-F2B0-4433-A4CB-DAE40F850F03}"
EndProject
Project("{FAE04EC0-301F-11D3-BF4B-00C04F79EFBC}") = "Ejercicio 2", "Ejercicio 2\Ejercicio 2.csproj", "{3D16BAEA-E343-45F2-ACCB-98A3A9220044}"
EndProject
Project("{FAE04EC0-301F-11D3-BF4B-00C04F79EFBC}") = "Ejercicio 3", "Ejercicio 3\Ejercicio 3.csproj", "{61006DC2-77D0-4A25-91D5-35C620456B0F}"
EndProject
Project("{FAE04EC0-301F-11D3-BF4B-00C04F79EFBC}") = "Ejercicio 8", "Ejercicio 8\Ejercicio 8.csproj", "{D9F07F6A-176B-41CE-ABB3-AD8ECD49776F}"
EndProject
Project("{FAE04EC0-301F-11D3-BF4B-00C04F79EFBC}") = "Ejercicio 4", "Ejercicio 4\Ejercicio 4.csproj", "{4381E22B-DF33-4DA5-A643-A9175F51526D}"
EndProject
Project("{FAE04EC0-301F-11D3-BF4B-00C04F79EFBC}") = "Ejercicio 5", "Ejercicio 5\Ejercicio 5.csproj", "{B5D5D874-78B0-4443-A99D-69A410E03317}"
EndProject
Project("{FAE04EC0-301F-11D3-BF4B-00C04F79EFBC}") = "Ejercicio 6", "Ejercicio 6\Ejercicio 6.csproj", "{1D564B99-A8F3-4785-A249-A1E3BCD03E12}"
EndProject
Project("{FAE04EC0-301F-11D3-BF4B-00C04F79EFBC}") = "Ejercicio 7", "Ejercicio 7\Ejercicio 7.csproj", "{85316394-4602-4579-A656-1B3F92256ABF}"
EndProject
Project("{FAE04EC0-301F-11D3-BF4B-00C04F79EFBC}") = "Ejercicio 9", "Ejercicio 9\Ejercicio 9.csproj", "{8911AFD8-B873-480E-8336-2A9A9D6DA00D}"
EndProject
Project("{FAE04EC0-301F-11D3-BF4B-00C04F79EFBC}") = "Ejercicio 10", "Ejercicio 1A\Ejercicio 10.csproj", "{4704FECC-A0CA-445A-8D56-54EBBF2B0C18}"
EndProject
Project("{FAE04EC0-301F-11D3-BF4B-00C04F79EFBC}") = "Ejercicio 11", "Ejercicio 11\Ejercicio 11.csproj", "{AB92A565-E6D1-45D3-9846-47208B2EAE94}"
EndProject
Project("{FAE04EC0-301F-11D3-BF4B-00C04F79EFBC}") = "Ejercicio 12", "Ejercicio 12\Ejercicio 12.csproj", "{5080DC88-17E4-4A78-B1B8-DA25B0C4118A}"
EndProject
Project("{9A19103F-16F7-4668-BE54-9A1E7A4F7556}") = "Ejercicio 13", "Ejercicio 13\Ejercicio 13.csproj", "{2EB63478-1629-48E1-B20A-3BEB95D41F2D}"
EndProject
Project("{9A19103F-16F7-4668-BE54-9A1E7A4F7556}") = "Ejercicio 14", "Ejercicio 14\Ejercicio 14.csproj", "{6DC93F87-D425-42D5-AA69-7257181298A7}"
EndProject
Project("{9A19103F-16F7-4668-BE54-9A1E7A4F7556}") = "Ejercicio 15", "Ejercicio 15\Ejercicio 15.csproj", "{D96EA132-BFBC-46F8-A320-3E3A79448FB0}"
EndProject
Project("{9A19103F-16F7-4668-BE54-9A1E7A4F7556}") = "Ejercicio 16", "Ejercicio 16\Ejercicio 16.csproj", "{4F5099CB-6C8A-43E5-A228-C0678928E704}"
EndProject
Project("{9A19103F-16F7-4668-BE54-9A1E7A4F7556}") = "Ejercicio 17", "Ejercicio 17\Ejercicio 17.csproj", "{2D97A077-9FB7-4A95-ADBC-969AE06B85CE}"
EndProject
Project("{9A19103F-16F7-4668-BE54-9A1E7A4F7556}") = "Ejercicio 2 Slack", "Ejercicio 2 Slack\Ejercicio 2 Slack.csproj", "{1C12B3E5-23BB-4F00-B5D0-697048FD5781}"
EndProject
Project("{9A19103F-16F7-4668-BE54-9A1E7A4F7556}") = "Ejercicio 2 Slack Cosa", "Ejercicio 2 Slack Cosa\Ejercicio 2 Slack Cosa.csproj", "{9F3D7F17-F854-4843-92E8-80247198DB95}"
EndProject
Project("{9A19103F-16F7-4668-BE54-9A1E7A4F7556}") = "Ejercicio 3 Slack", "Ejercicio 3 Slack\Ejercicio 3 Slack.csproj", "{E71E710B-A832-4198-8731-16BB47F272FD}"
EndProject
Project("{9A19103F-16F7-4668-BE54-9A1E7A4F7556}") = "Ejercicio 18", "Ejercicio 18\Ejercicio 18.csproj", "{D05A9E11-6DD2-44F4-8F82-E2A8A20A532D}"
EndProject
Project("{9A19103F-16F7-4668-BE54-9A1E7A4F7556}") = "Cuenta", "Cuenta\Cuenta.csproj", "{85F39C34-44C4-4EAD-A3CE-47864B157665}"
EndProject
Project("{9A19103F-16F7-4668-BE54-9A1E7A4F7556}") = "Pretamo", "Pretamo\Pretamo.csproj", "{EB7C4CC5-DA6F-4499-80B2-587572EB761D}"
EndProject
Project("{2150E333-8FDC-42A3-9474-1A3956D46DE8}") = "Ejercicio 19", "Ejercicio 19", "{A9A6F421-165C-41A7-BE0F-C076E3A628DF}"
EndProject
Project("{2150E333-8FDC-42A3-9474-1A3956D46DE8}") = "Ejercicios WF", "Ejercicios WF", "{A9D29C14-2D10-49B4-8792-DA166987C37A}"
EndProject
Project("{9A19103F-16F7-4668-BE54-9A1E7A4F7556}") = "Aplicacion 1", "Aplicacion 1\Aplicacion 1.csproj", "{FA842404-DEB7-4C21-AEEB-CB1EF69DC40D}"
EndProject
Project("{9A19103F-16F7-4668-BE54-9A1E7A4F7556}") = "Aplicacion 2", "Aplicacion 2\Aplicacion 2.csproj", "{3F8BAA8D-DF11-4B6F-A478-2277446BE157}"
EndProject
Project("{9A19103F-16F7-4668-BE54-9A1E7A4F7556}") = "Aplicacion 3", "Aplicacion 3\Aplicacion 3.csproj", "{95BF5C1E-579A-4F25-B2B6-F460194C35A6}"
EndProject
Project("{9A19103F-16F7-4668-BE54-9A1E7A4F7556}") = "Aplicacion 4", "Aplicacion 4\Aplicacion 4.csproj", "{1A476AFB-7D73-4561-8A21-4A3FE076E125}"
EndProject
Project("{2150E333-8FDC-42A3-9474-1A3956D46DE8}") = "Ejercicios Slack", "Ejercicios Slack", "{04921C2A-1C12-44AC-9389-F844C172AE0B}"
EndProject
Project("{FAE04EC0-301F-11D3-BF4B-00C04F79EFBC}") = "TemperaClass", "Tempera\TemperaClass.csproj", "{D824C97D-B6DF-4AC1-B751-EC6CD2E88E1A}"
EndProject
Project("{FAE04EC0-301F-11D3-BF4B-00C04F79EFBC}") = "Tempera Main", "Tempera Main\Tempera Main.csproj", "{BF0C3968-619D-4F5B-A170-437F30A28D58}"
EndProject
Global
	GlobalSection(SolutionConfigurationPlatforms) = preSolution
		Debug|Any CPU = Debug|Any CPU
		Release|Any CPU = Release|Any CPU
	EndGlobalSection
	GlobalSection(ProjectConfigurationPlatforms) = postSolution
		{C2FEF6EF-F2B0-4433-A4CB-DAE40F850F03}.Debug|Any CPU.ActiveCfg = Debug|Any CPU
		{C2FEF6EF-F2B0-4433-A4CB-DAE40F850F03}.Debug|Any CPU.Build.0 = Debug|Any CPU
		{C2FEF6EF-F2B0-4433-A4CB-DAE40F850F03}.Release|Any CPU.ActiveCfg = Release|Any CPU
		{C2FEF6EF-F2B0-4433-A4CB-DAE40F850F03}.Release|Any CPU.Build.0 = Release|Any CPU
		{3D16BAEA-E343-45F2-ACCB-98A3A9220044}.Debug|Any CPU.ActiveCfg = Debug|Any CPU
		{3D16BAEA-E343-45F2-ACCB-98A3A9220044}.Debug|Any CPU.Build.0 = Debug|Any CPU
		{3D16BAEA-E343-45F2-ACCB-98A3A9220044}.Release|Any CPU.ActiveCfg = Release|Any CPU
		{3D16BAEA-E343-45F2-ACCB-98A3A9220044}.Release|Any CPU.Build.0 = Release|Any CPU
		{61006DC2-77D0-4A25-91D5-35C620456B0F}.Debug|Any CPU.ActiveCfg = Debug|Any CPU
		{61006DC2-77D0-4A25-91D5-35C620456B0F}.Debug|Any CPU.Build.0 = Debug|Any CPU
		{61006DC2-77D0-4A25-91D5-35C620456B0F}.Release|Any CPU.ActiveCfg = Release|Any CPU
		{61006DC2-77D0-4A25-91D5-35C620456B0F}.Release|Any CPU.Build.0 = Release|Any CPU
		{D9F07F6A-176B-41CE-ABB3-AD8ECD49776F}.Debug|Any CPU.ActiveCfg = Debug|Any CPU
		{D9F07F6A-176B-41CE-ABB3-AD8ECD49776F}.Debug|Any CPU.Build.0 = Debug|Any CPU
		{D9F07F6A-176B-41CE-ABB3-AD8ECD49776F}.Release|Any CPU.ActiveCfg = Release|Any CPU
		{D9F07F6A-176B-41CE-ABB3-AD8ECD49776F}.Release|Any CPU.Build.0 = Release|Any CPU
		{4381E22B-DF33-4DA5-A643-A9175F51526D}.Debug|Any CPU.ActiveCfg = Debug|Any CPU
		{4381E22B-DF33-4DA5-A643-A9175F51526D}.Debug|Any CPU.Build.0 = Debug|Any CPU
		{4381E22B-DF33-4DA5-A643-A9175F51526D}.Release|Any CPU.ActiveCfg = Release|Any CPU
		{4381E22B-DF33-4DA5-A643-A9175F51526D}.Release|Any CPU.Build.0 = Release|Any CPU
		{B5D5D874-78B0-4443-A99D-69A410E03317}.Debug|Any CPU.ActiveCfg = Debug|Any CPU
		{B5D5D874-78B0-4443-A99D-69A410E03317}.Debug|Any CPU.Build.0 = Debug|Any CPU
		{B5D5D874-78B0-4443-A99D-69A410E03317}.Release|Any CPU.ActiveCfg = Release|Any CPU
		{B5D5D874-78B0-4443-A99D-69A410E03317}.Release|Any CPU.Build.0 = Release|Any CPU
		{1D564B99-A8F3-4785-A249-A1E3BCD03E12}.Debug|Any CPU.ActiveCfg = Debug|Any CPU
		{1D564B99-A8F3-4785-A249-A1E3BCD03E12}.Debug|Any CPU.Build.0 = Debug|Any CPU
		{1D564B99-A8F3-4785-A249-A1E3BCD03E12}.Release|Any CPU.ActiveCfg = Release|Any CPU
		{1D564B99-A8F3-4785-A249-A1E3BCD03E12}.Release|Any CPU.Build.0 = Release|Any CPU
		{85316394-4602-4579-A656-1B3F92256ABF}.Debug|Any CPU.ActiveCfg = Debug|Any CPU
		{85316394-4602-4579-A656-1B3F92256ABF}.Debug|Any CPU.Build.0 = Debug|Any CPU
		{85316394-4602-4579-A656-1B3F92256ABF}.Release|Any CPU.ActiveCfg = Release|Any CPU
		{85316394-4602-4579-A656-1B3F92256ABF}.Release|Any CPU.Build.0 = Release|Any CPU
		{8911AFD8-B873-480E-8336-2A9A9D6DA00D}.Debug|Any CPU.ActiveCfg = Debug|Any CPU
		{8911AFD8-B873-480E-8336-2A9A9D6DA00D}.Debug|Any CPU.Build.0 = Debug|Any CPU
		{8911AFD8-B873-480E-8336-2A9A9D6DA00D}.Release|Any CPU.ActiveCfg = Release|Any CPU
		{8911AFD8-B873-480E-8336-2A9A9D6DA00D}.Release|Any CPU.Build.0 = Release|Any CPU
		{4704FECC-A0CA-445A-8D56-54EBBF2B0C18}.Debug|Any CPU.ActiveCfg = Debug|Any CPU
		{4704FECC-A0CA-445A-8D56-54EBBF2B0C18}.Debug|Any CPU.Build.0 = Debug|Any CPU
		{4704FECC-A0CA-445A-8D56-54EBBF2B0C18}.Release|Any CPU.ActiveCfg = Release|Any CPU
		{4704FECC-A0CA-445A-8D56-54EBBF2B0C18}.Release|Any CPU.Build.0 = Release|Any CPU
		{AB92A565-E6D1-45D3-9846-47208B2EAE94}.Debug|Any CPU.ActiveCfg = Debug|Any CPU
		{AB92A565-E6D1-45D3-9846-47208B2EAE94}.Debug|Any CPU.Build.0 = Debug|Any CPU
		{AB92A565-E6D1-45D3-9846-47208B2EAE94}.Release|Any CPU.ActiveCfg = Release|Any CPU
		{AB92A565-E6D1-45D3-9846-47208B2EAE94}.Release|Any CPU.Build.0 = Release|Any CPU
		{5080DC88-17E4-4A78-B1B8-DA25B0C4118A}.Debug|Any CPU.ActiveCfg = Debug|Any CPU
		{5080DC88-17E4-4A78-B1B8-DA25B0C4118A}.Debug|Any CPU.Build.0 = Debug|Any CPU
		{5080DC88-17E4-4A78-B1B8-DA25B0C4118A}.Release|Any CPU.ActiveCfg = Release|Any CPU
		{5080DC88-17E4-4A78-B1B8-DA25B0C4118A}.Release|Any CPU.Build.0 = Release|Any CPU
		{2EB63478-1629-48E1-B20A-3BEB95D41F2D}.Debug|Any CPU.ActiveCfg = Debug|Any CPU
		{2EB63478-1629-48E1-B20A-3BEB95D41F2D}.Debug|Any CPU.Build.0 = Debug|Any CPU
		{2EB63478-1629-48E1-B20A-3BEB95D41F2D}.Release|Any CPU.ActiveCfg = Release|Any CPU
		{2EB63478-1629-48E1-B20A-3BEB95D41F2D}.Release|Any CPU.Build.0 = Release|Any CPU
		{6DC93F87-D425-42D5-AA69-7257181298A7}.Debug|Any CPU.ActiveCfg = Debug|Any CPU
		{6DC93F87-D425-42D5-AA69-7257181298A7}.Debug|Any CPU.Build.0 = Debug|Any CPU
		{6DC93F87-D425-42D5-AA69-7257181298A7}.Release|Any CPU.ActiveCfg = Release|Any CPU
		{6DC93F87-D425-42D5-AA69-7257181298A7}.Release|Any CPU.Build.0 = Release|Any CPU
		{D96EA132-BFBC-46F8-A320-3E3A79448FB0}.Debug|Any CPU.ActiveCfg = Debug|Any CPU
		{D96EA132-BFBC-46F8-A320-3E3A79448FB0}.Debug|Any CPU.Build.0 = Debug|Any CPU
		{D96EA132-BFBC-46F8-A320-3E3A79448FB0}.Release|Any CPU.ActiveCfg = Release|Any CPU
		{D96EA132-BFBC-46F8-A320-3E3A79448FB0}.Release|Any CPU.Build.0 = Release|Any CPU
		{4F5099CB-6C8A-43E5-A228-C0678928E704}.Debug|Any CPU.ActiveCfg = Debug|Any CPU
		{4F5099CB-6C8A-43E5-A228-C0678928E704}.Debug|Any CPU.Build.0 = Debug|Any CPU
		{4F5099CB-6C8A-43E5-A228-C0678928E704}.Release|Any CPU.ActiveCfg = Release|Any CPU
		{4F5099CB-6C8A-43E5-A228-C0678928E704}.Release|Any CPU.Build.0 = Release|Any CPU
		{2D97A077-9FB7-4A95-ADBC-969AE06B85CE}.Debug|Any CPU.ActiveCfg = Debug|Any CPU
		{2D97A077-9FB7-4A95-ADBC-969AE06B85CE}.Debug|Any CPU.Build.0 = Debug|Any CPU
		{2D97A077-9FB7-4A95-ADBC-969AE06B85CE}.Release|Any CPU.ActiveCfg = Release|Any CPU
		{2D97A077-9FB7-4A95-ADBC-969AE06B85CE}.Release|Any CPU.Build.0 = Release|Any CPU
		{1C12B3E5-23BB-4F00-B5D0-697048FD5781}.Debug|Any CPU.ActiveCfg = Debug|Any CPU
		{1C12B3E5-23BB-4F00-B5D0-697048FD5781}.Debug|Any CPU.Build.0 = Debug|Any CPU
		{1C12B3E5-23BB-4F00-B5D0-697048FD5781}.Release|Any CPU.ActiveCfg = Release|Any CPU
		{1C12B3E5-23BB-4F00-B5D0-697048FD5781}.Release|Any CPU.Build.0 = Release|Any CPU
		{9F3D7F17-F854-4843-92E8-80247198DB95}.Debug|Any CPU.ActiveCfg = Debug|Any CPU
		{9F3D7F17-F854-4843-92E8-80247198DB95}.Debug|Any CPU.Build.0 = Debug|Any CPU
		{9F3D7F17-F854-4843-92E8-80247198DB95}.Release|Any CPU.ActiveCfg = Release|Any CPU
		{9F3D7F17-F854-4843-92E8-80247198DB95}.Release|Any CPU.Build.0 = Release|Any CPU
		{E71E710B-A832-4198-8731-16BB47F272FD}.Debug|Any CPU.ActiveCfg = Debug|Any CPU
		{E71E710B-A832-4198-8731-16BB47F272FD}.Debug|Any CPU.Build.0 = Debug|Any CPU
		{E71E710B-A832-4198-8731-16BB47F272FD}.Release|Any CPU.ActiveCfg = Release|Any CPU
		{E71E710B-A832-4198-8731-16BB47F272FD}.Release|Any CPU.Build.0 = Release|Any CPU
		{D05A9E11-6DD2-44F4-8F82-E2A8A20A532D}.Debug|Any CPU.ActiveCfg = Debug|Any CPU
		{D05A9E11-6DD2-44F4-8F82-E2A8A20A532D}.Debug|Any CPU.Build.0 = Debug|Any CPU
		{D05A9E11-6DD2-44F4-8F82-E2A8A20A532D}.Release|Any CPU.ActiveCfg = Release|Any CPU
		{D05A9E11-6DD2-44F4-8F82-E2A8A20A532D}.Release|Any CPU.Build.0 = Release|Any CPU
		{85F39C34-44C4-4EAD-A3CE-47864B157665}.Debug|Any CPU.ActiveCfg = Debug|Any CPU
		{85F39C34-44C4-4EAD-A3CE-47864B157665}.Debug|Any CPU.Build.0 = Debug|Any CPU
		{85F39C34-44C4-4EAD-A3CE-47864B157665}.Release|Any CPU.ActiveCfg = Release|Any CPU
		{85F39C34-44C4-4EAD-A3CE-47864B157665}.Release|Any CPU.Build.0 = Release|Any CPU
		{EB7C4CC5-DA6F-4499-80B2-587572EB761D}.Debug|Any CPU.ActiveCfg = Debug|Any CPU
		{EB7C4CC5-DA6F-4499-80B2-587572EB761D}.Debug|Any CPU.Build.0 = Debug|Any CPU
		{EB7C4CC5-DA6F-4499-80B2-587572EB761D}.Release|Any CPU.ActiveCfg = Release|Any CPU
		{EB7C4CC5-DA6F-4499-80B2-587572EB761D}.Release|Any CPU.Build.0 = Release|Any CPU
		{FA842404-DEB7-4C21-AEEB-CB1EF69DC40D}.Debug|Any CPU.ActiveCfg = Debug|Any CPU
		{FA842404-DEB7-4C21-AEEB-CB1EF69DC40D}.Debug|Any CPU.Build.0 = Debug|Any CPU
		{FA842404-DEB7-4C21-AEEB-CB1EF69DC40D}.Release|Any CPU.ActiveCfg = Release|Any CPU
		{FA842404-DEB7-4C21-AEEB-CB1EF69DC40D}.Release|Any CPU.Build.0 = Release|Any CPU
		{3F8BAA8D-DF11-4B6F-A478-2277446BE157}.Debug|Any CPU.ActiveCfg = Debug|Any CPU
		{3F8BAA8D-DF11-4B6F-A478-2277446BE157}.Debug|Any CPU.Build.0 = Debug|Any CPU
		{3F8BAA8D-DF11-4B6F-A478-2277446BE157}.Release|Any CPU.ActiveCfg = Release|Any CPU
		{3F8BAA8D-DF11-4B6F-A478-2277446BE157}.Release|Any CPU.Build.0 = Release|Any CPU
		{95BF5C1E-579A-4F25-B2B6-F460194C35A6}.Debug|Any CPU.ActiveCfg = Debug|Any CPU
		{95BF5C1E-579A-4F25-B2B6-F460194C35A6}.Debug|Any CPU.Build.0 = Debug|Any CPU
		{95BF5C1E-579A-4F25-B2B6-F460194C35A6}.Release|Any CPU.ActiveCfg = Release|Any CPU
		{95BF5C1E-579A-4F25-B2B6-F460194C35A6}.Release|Any CPU.Build.0 = Release|Any CPU
		{1A476AFB-7D73-4561-8A21-4A3FE076E125}.Debug|Any CPU.ActiveCfg = Debug|Any CPU
		{1A476AFB-7D73-4561-8A21-4A3FE076E125}.Debug|Any CPU.Build.0 = Debug|Any CPU
		{1A476AFB-7D73-4561-8A21-4A3FE076E125}.Release|Any CPU.ActiveCfg = Release|Any CPU
		{1A476AFB-7D73-4561-8A21-4A3FE076E125}.Release|Any CPU.Build.0 = Release|Any CPU
		{D824C97D-B6DF-4AC1-B751-EC6CD2E88E1A}.Debug|Any CPU.ActiveCfg = Debug|Any CPU
		{D824C97D-B6DF-4AC1-B751-EC6CD2E88E1A}.Debug|Any CPU.Build.0 = Debug|Any CPU
		{D824C97D-B6DF-4AC1-B751-EC6CD2E88E1A}.Release|Any CPU.ActiveCfg = Release|Any CPU
		{D824C97D-B6DF-4AC1-B751-EC6CD2E88E1A}.Release|Any CPU.Build.0 = Release|Any CPU
		{BF0C3968-619D-4F5B-A170-437F30A28D58}.Debug|Any CPU.ActiveCfg = Debug|Any CPU
		{BF0C3968-619D-4F5B-A170-437F30A28D58}.Debug|Any CPU.Build.0 = Debug|Any CPU
		{BF0C3968-619D-4F5B-A170-437F30A28D58}.Release|Any CPU.ActiveCfg = Release|Any CPU
		{BF0C3968-619D-4F5B-A170-437F30A28D58}.Release|Any CPU.Build.0 = Release|Any CPU
	EndGlobalSection
	GlobalSection(SolutionProperties) = preSolution
		HideSolutionNode = FALSE
	EndGlobalSection
	GlobalSection(NestedProjects) = preSolution
		{1C12B3E5-23BB-4F00-B5D0-697048FD5781} = {04921C2A-1C12-44AC-9389-F844C172AE0B}
		{9F3D7F17-F854-4843-92E8-80247198DB95} = {04921C2A-1C12-44AC-9389-F844C172AE0B}
		{E71E710B-A832-4198-8731-16BB47F272FD} = {04921C2A-1C12-44AC-9389-F844C172AE0B}
		{85F39C34-44C4-4EAD-A3CE-47864B157665} = {A9A6F421-165C-41A7-BE0F-C076E3A628DF}
		{EB7C4CC5-DA6F-4499-80B2-587572EB761D} = {A9A6F421-165C-41A7-BE0F-C076E3A628DF}
		{FA842404-DEB7-4C21-AEEB-CB1EF69DC40D} = {A9D29C14-2D10-49B4-8792-DA166987C37A}
		{3F8BAA8D-DF11-4B6F-A478-2277446BE157} = {A9D29C14-2D10-49B4-8792-DA166987C37A}
		{95BF5C1E-579A-4F25-B2B6-F460194C35A6} = {A9D29C14-2D10-49B4-8792-DA166987C37A}
		{1A476AFB-7D73-4561-8A21-4A3FE076E125} = {A9D29C14-2D10-49B4-8792-DA166987C37A}
		{D824C97D-B6DF-4AC1-B751-EC6CD2E88E1A} = {04921C2A-1C12-44AC-9389-F844C172AE0B}
		{BF0C3968-619D-4F5B-A170-437F30A28D58} = {04921C2A-1C12-44AC-9389-F844C172AE0B}
	EndGlobalSection
	GlobalSection(ExtensibilityGlobals) = postSolution
		SolutionGuid = {84DE8791-CD16-4DE7-81ED-5BC219B3FA3A}
	EndGlobalSection
EndGlobal
